
Microsoft Visual Studio Solution File, Format Version 12.00
# Visual Studio Version 17
VisualStudioVersion = 17.5.002.0
MinimumVisualStudioVersion = 10.0.40219.1
Project("{9A19103F-16F7-4668-BE54-9A1E7A4F7556}") = "C#", "C#\C#.csproj", "{56189DC7-EFEC-40C1-89E4-91786D6F2497}"
EndProject
Global
	GlobalSection(SolutionConfigurationPlatforms) = preSolution
		Debug|Any CPU = Debug|Any CPU
		Release|Any CPU = Release|Any CPU
	EndGlobalSection
	GlobalSection(ProjectConfigurationPlatforms) = postSolution
		{56189DC7-EFEC-40C1-89E4-91786D6F2497}.Debug|Any CPU.ActiveCfg = Debug|Any CPU
		{56189DC7-EFEC-40C1-89E4-91786D6F2497}.Debug|Any CPU.Build.0 = Debug|Any CPU
		{56189DC7-EFEC-40C1-89E4-91786D6F2497}.Release|Any CPU.ActiveCfg = Release|Any CPU
		{56189DC7-EFEC-40C1-89E4-91786D6F2497}.Release|Any CPU.Build.0 = Release|Any CPU
	EndGlobalSection
	GlobalSection(SolutionProperties) = preSolution
		HideSolutionNode = FALSE
	EndGlobalSection
	GlobalSection(ExtensibilityGlobals) = postSolution
		SolutionGuid = {4648F54F-19D1-494D-8229-31B3AD6BB582}
	EndGlobalSection
EndGlobal
